
Microsoft Visual Studio Solution File, Format Version 12.00
# Visual Studio Version 17
VisualStudioVersion = 17.13.35919.96 d17.13
MinimumVisualStudioVersion = 10.0.40219.1
Project("{FAE04EC0-301F-11D3-BF4B-00C04F79EFBC}") = "Calculadora", "Calculadora\Calculadora.csproj", "{0DED90AF-977B-4EC8-8464-A89D93EF4A57}"
EndProject
Global
	GlobalSection(SolutionConfigurationPlatforms) = preSolution
		Debug|Any CPU = Debug|Any CPU
		Release|Any CPU = Release|Any CPU
	EndGlobalSection
	GlobalSection(ProjectConfigurationPlatforms) = postSolution
		{0DED90AF-977B-4EC8-8464-A89D93EF4A57}.Debug|Any CPU.ActiveCfg = Debug|Any CPU
		{0DED90AF-977B-4EC8-8464-A89D93EF4A57}.Debug|Any CPU.Build.0 = Debug|Any CPU
		{0DED90AF-977B-4EC8-8464-A89D93EF4A57}.Release|Any CPU.ActiveCfg = Release|Any CPU
		{0DED90AF-977B-4EC8-8464-A89D93EF4A57}.Release|Any CPU.Build.0 = Release|Any CPU
	EndGlobalSection
	GlobalSection(SolutionProperties) = preSolution
		HideSolutionNode = FALSE
	EndGlobalSection
	GlobalSection(ExtensibilityGlobals) = postSolution
		SolutionGuid = {262512B4-C8E7-4001-9D83-A2B2334414CB}
	EndGlobalSection
EndGlobal
